
Microsoft Visual Studio Solution File, Format Version 12.00
# Visual Studio Version 17
VisualStudioVersion = 17.13.35828.75
MinimumVisualStudioVersion = 10.0.40219.1
Project("{FAE04EC0-301F-11D3-BF4B-00C04F79EFBC}") = "Turnos.C", "Turnos.C\Turnos.C.csproj", "{CFC29DF0-B032-4487-933E-1C5063D4E5F7}"
EndProject
Global
	GlobalSection(SolutionConfigurationPlatforms) = preSolution
		Debug|Any CPU = Debug|Any CPU
		Release|Any CPU = Release|Any CPU
	EndGlobalSection
	GlobalSection(ProjectConfigurationPlatforms) = postSolution
		{CFC29DF0-B032-4487-933E-1C5063D4E5F7}.Debug|Any CPU.ActiveCfg = Debug|Any CPU
		{CFC29DF0-B032-4487-933E-1C5063D4E5F7}.Debug|Any CPU.Build.0 = Debug|Any CPU
		{CFC29DF0-B032-4487-933E-1C5063D4E5F7}.Release|Any CPU.ActiveCfg = Release|Any CPU
		{CFC29DF0-B032-4487-933E-1C5063D4E5F7}.Release|Any CPU.Build.0 = Release|Any CPU
	EndGlobalSection
	GlobalSection(SolutionProperties) = preSolution
		HideSolutionNode = FALSE
	EndGlobalSection
	GlobalSection(ExtensibilityGlobals) = postSolution
		SolutionGuid = {539FB480-7CD7-436B-9219-E2C6FD7385E6}
	EndGlobalSection
EndGlobal
